
Microsoft Visual Studio Solution File, Format Version 12.00
# Visual Studio Version 17
VisualStudioVersion = 17.8.34322.80
MinimumVisualStudioVersion = 10.0.40219.1
Project("{FAE04EC0-301F-11D3-BF4B-00C04F79EFBC}") = "Medical-Tools", "Medical-Tools\Medical-Tools.csproj", "{34A589A9-2585-4B54-83AA-A2A3A221560D}"
EndProject
Global
	GlobalSection(SolutionConfigurationPlatforms) = preSolution
		Debug|Any CPU = Debug|Any CPU
		Release|Any CPU = Release|Any CPU
	EndGlobalSection
	GlobalSection(ProjectConfigurationPlatforms) = postSolution
		{34A589A9-2585-4B54-83AA-A2A3A221560D}.Debug|Any CPU.ActiveCfg = Debug|Any CPU
		{34A589A9-2585-4B54-83AA-A2A3A221560D}.Debug|Any CPU.Build.0 = Debug|Any CPU
		{34A589A9-2585-4B54-83AA-A2A3A221560D}.Release|Any CPU.ActiveCfg = Release|Any CPU
		{34A589A9-2585-4B54-83AA-A2A3A221560D}.Release|Any CPU.Build.0 = Release|Any CPU
	EndGlobalSection
	GlobalSection(SolutionProperties) = preSolution
		HideSolutionNode = FALSE
	EndGlobalSection
	GlobalSection(ExtensibilityGlobals) = postSolution
		SolutionGuid = {C357D385-08B7-487A-9C84-8CD9B638C2BE}
	EndGlobalSection
EndGlobal
